
Microsoft Visual Studio Solution File, Format Version 12.00
# Visual Studio Version 16
VisualStudioVersion = 16.0.30804.86
MinimumVisualStudioVersion = 10.0.40219.1
Project("{9A19103F-16F7-4668-BE54-9A1E7A4F7556}") = "eShopSolution.WebApp", "eShopSolution.WebApp\eShopSolution.WebApp.csproj", "{3D0061C2-4D19-4308-ADAA-9AE18DAD0941}"
EndProject
Project("{2150E333-8FDC-42A3-9474-1A3956D46DE8}") = "0.Solution Items", "0.Solution Items", "{F83B3FA0-9A8C-40E9-985B-E77A275215E6}"
	ProjectSection(SolutionItems) = preProject
		Admin-page.md = Admin-page.md
		Application_layer.md = Application_layer.md
		Authorization.md = Authorization.md
		EntityFramework.md = EntityFramework.md
		Fluent-Validation.md = Fluent-Validation.md
		Identity.md = Identity.md
		Image.md = Image.md
		Login.md = Login.md
		README.md = README.md
		Step.md = Step.md
		Structure.md = Structure.md
		Swagger.md = Swagger.md
		View.md = View.md
	EndProjectSection
EndProject
Project("{9A19103F-16F7-4668-BE54-9A1E7A4F7556}") = "eShopSolution.Data", "eShopSolution.Data\eShopSolution.Data.csproj", "{77D2D824-F401-4D60-A0C1-D9BB22397400}"
EndProject
Project("{9A19103F-16F7-4668-BE54-9A1E7A4F7556}") = "eShopSolution.Application", "eShopSolution.Application\eShopSolution.Application.csproj", "{F20B5E17-0F58-4486-ABC8-AFD006AC9FCF}"
EndProject
Project("{2150E333-8FDC-42A3-9474-1A3956D46DE8}") = "images", "images", "{1142B524-C6E6-4C57-90F4-7539CD56A6E6}"
EndProject
Project("{9A19103F-16F7-4668-BE54-9A1E7A4F7556}") = "eShopSolution.Utilities", "eShopSolution.Utilities\eShopSolution.Utilities.csproj", "{875F2FF9-8E23-49A3-8EA1-1288B389034B}"
EndProject
Project("{9A19103F-16F7-4668-BE54-9A1E7A4F7556}") = "eShopSolution.ViewModels", "eShopSolution.ViewModels\eShopSolution.ViewModels.csproj", "{A8F9A500-CA2F-4F4C-AF44-ADA564F85EBF}"
EndProject
Project("{9A19103F-16F7-4668-BE54-9A1E7A4F7556}") = "eShopSolution.BackendApi", "eShopSolution.BackendApi\eShopSolution.BackendApi.csproj", "{05CB91FB-1BB8-46B8-8851-1C180564398A}"
EndProject
Project("{2150E333-8FDC-42A3-9474-1A3956D46DE8}") = "1.Infrastructure", "1.Infrastructure", "{B5B0F78A-8571-4F0D-A7CF-2D82073BC0DE}"
EndProject
Project("{2150E333-8FDC-42A3-9474-1A3956D46DE8}") = "2.Domain", "2.Domain", "{448FD831-07A9-47F0-B837-EF7812EBEA36}"
EndProject
Project("{2150E333-8FDC-42A3-9474-1A3956D46DE8}") = "3.Hosts", "3.Hosts", "{EBFD4BEA-5E8A-4F9F-A46E-5A5664A7C1AD}"
EndProject
Project("{FAE04EC0-301F-11D3-BF4B-00C04F79EFBC}") = "eShopSolution.AdminApp", "eShopSolution.AdminApp\eShopSolution.AdminApp.csproj", "{4DDBA2FD-7965-41DF-A5F8-EB82B94BF21B}"
EndProject
Global
	GlobalSection(SolutionConfigurationPlatforms) = preSolution
		Debug|Any CPU = Debug|Any CPU
		Release|Any CPU = Release|Any CPU
	EndGlobalSection
	GlobalSection(ProjectConfigurationPlatforms) = postSolution
		{3D0061C2-4D19-4308-ADAA-9AE18DAD0941}.Debug|Any CPU.ActiveCfg = Debug|Any CPU
		{3D0061C2-4D19-4308-ADAA-9AE18DAD0941}.Debug|Any CPU.Build.0 = Debug|Any CPU
		{3D0061C2-4D19-4308-ADAA-9AE18DAD0941}.Release|Any CPU.ActiveCfg = Release|Any CPU
		{3D0061C2-4D19-4308-ADAA-9AE18DAD0941}.Release|Any CPU.Build.0 = Release|Any CPU
		{77D2D824-F401-4D60-A0C1-D9BB22397400}.Debug|Any CPU.ActiveCfg = Debug|Any CPU
		{77D2D824-F401-4D60-A0C1-D9BB22397400}.Debug|Any CPU.Build.0 = Debug|Any CPU
		{77D2D824-F401-4D60-A0C1-D9BB22397400}.Release|Any CPU.ActiveCfg = Release|Any CPU
		{77D2D824-F401-4D60-A0C1-D9BB22397400}.Release|Any CPU.Build.0 = Release|Any CPU
		{F20B5E17-0F58-4486-ABC8-AFD006AC9FCF}.Debug|Any CPU.ActiveCfg = Debug|Any CPU
		{F20B5E17-0F58-4486-ABC8-AFD006AC9FCF}.Debug|Any CPU.Build.0 = Debug|Any CPU
		{F20B5E17-0F58-4486-ABC8-AFD006AC9FCF}.Release|Any CPU.ActiveCfg = Release|Any CPU
		{F20B5E17-0F58-4486-ABC8-AFD006AC9FCF}.Release|Any CPU.Build.0 = Release|Any CPU
		{875F2FF9-8E23-49A3-8EA1-1288B389034B}.Debug|Any CPU.ActiveCfg = Debug|Any CPU
		{875F2FF9-8E23-49A3-8EA1-1288B389034B}.Debug|Any CPU.Build.0 = Debug|Any CPU
		{875F2FF9-8E23-49A3-8EA1-1288B389034B}.Release|Any CPU.ActiveCfg = Release|Any CPU
		{875F2FF9-8E23-49A3-8EA1-1288B389034B}.Release|Any CPU.Build.0 = Release|Any CPU
		{A8F9A500-CA2F-4F4C-AF44-ADA564F85EBF}.Debug|Any CPU.ActiveCfg = Debug|Any CPU
		{A8F9A500-CA2F-4F4C-AF44-ADA564F85EBF}.Debug|Any CPU.Build.0 = Debug|Any CPU
		{A8F9A500-CA2F-4F4C-AF44-ADA564F85EBF}.Release|Any CPU.ActiveCfg = Release|Any CPU
		{A8F9A500-CA2F-4F4C-AF44-ADA564F85EBF}.Release|Any CPU.Build.0 = Release|Any CPU
		{05CB91FB-1BB8-46B8-8851-1C180564398A}.Debug|Any CPU.ActiveCfg = Debug|Any CPU
		{05CB91FB-1BB8-46B8-8851-1C180564398A}.Debug|Any CPU.Build.0 = Debug|Any CPU
		{05CB91FB-1BB8-46B8-8851-1C180564398A}.Release|Any CPU.ActiveCfg = Release|Any CPU
		{05CB91FB-1BB8-46B8-8851-1C180564398A}.Release|Any CPU.Build.0 = Release|Any CPU
		{4DDBA2FD-7965-41DF-A5F8-EB82B94BF21B}.Debug|Any CPU.ActiveCfg = Debug|Any CPU
		{4DDBA2FD-7965-41DF-A5F8-EB82B94BF21B}.Debug|Any CPU.Build.0 = Debug|Any CPU
		{4DDBA2FD-7965-41DF-A5F8-EB82B94BF21B}.Release|Any CPU.ActiveCfg = Release|Any CPU
		{4DDBA2FD-7965-41DF-A5F8-EB82B94BF21B}.Release|Any CPU.Build.0 = Release|Any CPU
	EndGlobalSection
	GlobalSection(SolutionProperties) = preSolution
		HideSolutionNode = FALSE
	EndGlobalSection
	GlobalSection(NestedProjects) = preSolution
		{3D0061C2-4D19-4308-ADAA-9AE18DAD0941} = {EBFD4BEA-5E8A-4F9F-A46E-5A5664A7C1AD}
		{77D2D824-F401-4D60-A0C1-D9BB22397400} = {448FD831-07A9-47F0-B837-EF7812EBEA36}
		{F20B5E17-0F58-4486-ABC8-AFD006AC9FCF} = {448FD831-07A9-47F0-B837-EF7812EBEA36}
		{1142B524-C6E6-4C57-90F4-7539CD56A6E6} = {F83B3FA0-9A8C-40E9-985B-E77A275215E6}
		{875F2FF9-8E23-49A3-8EA1-1288B389034B} = {B5B0F78A-8571-4F0D-A7CF-2D82073BC0DE}
		{A8F9A500-CA2F-4F4C-AF44-ADA564F85EBF} = {B5B0F78A-8571-4F0D-A7CF-2D82073BC0DE}
		{05CB91FB-1BB8-46B8-8851-1C180564398A} = {EBFD4BEA-5E8A-4F9F-A46E-5A5664A7C1AD}
	EndGlobalSection
	GlobalSection(ExtensibilityGlobals) = postSolution
		SolutionGuid = {A19F94A3-BD92-4E3F-B4EA-0663FC5BF805}
	EndGlobalSection
EndGlobal
